
Microsoft Visual Studio Solution File, Format Version 12.00
# Visual Studio Version 17
VisualStudioVersion = 17.11.35312.102
MinimumVisualStudioVersion = 10.0.40219.1
Project("{FAE04EC0-301F-11D3-BF4B-00C04F79EFBC}") = "Online-catalogue", "Online-catalogue.csproj", "{9DB1F522-1092-48D7-88BF-D11C32A166E7}"
EndProject
Project("{FAE04EC0-301F-11D3-BF4B-00C04F79EFBC}") = "OnlineCatalogue.Tests", "..\OnlineCatalogue.Tests\OnlineCatalogue.Tests.csproj", "{018ABAC7-7837-4793-A5EC-0EBD398AFA14}"
EndProject
Global
	GlobalSection(SolutionConfigurationPlatforms) = preSolution
		Debug|Any CPU = Debug|Any CPU
		Release|Any CPU = Release|Any CPU
	EndGlobalSection
	GlobalSection(ProjectConfigurationPlatforms) = postSolution
		{9DB1F522-1092-48D7-88BF-D11C32A166E7}.Debug|Any CPU.ActiveCfg = Debug|Any CPU
		{9DB1F522-1092-48D7-88BF-D11C32A166E7}.Debug|Any CPU.Build.0 = Debug|Any CPU
		{9DB1F522-1092-48D7-88BF-D11C32A166E7}.Release|Any CPU.ActiveCfg = Release|Any CPU
		{9DB1F522-1092-48D7-88BF-D11C32A166E7}.Release|Any CPU.Build.0 = Release|Any CPU
		{018ABAC7-7837-4793-A5EC-0EBD398AFA14}.Debug|Any CPU.ActiveCfg = Debug|Any CPU
		{018ABAC7-7837-4793-A5EC-0EBD398AFA14}.Debug|Any CPU.Build.0 = Debug|Any CPU
		{018ABAC7-7837-4793-A5EC-0EBD398AFA14}.Release|Any CPU.ActiveCfg = Release|Any CPU
		{018ABAC7-7837-4793-A5EC-0EBD398AFA14}.Release|Any CPU.Build.0 = Release|Any CPU
	EndGlobalSection
	GlobalSection(SolutionProperties) = preSolution
		HideSolutionNode = FALSE
	EndGlobalSection
	GlobalSection(ExtensibilityGlobals) = postSolution
		SolutionGuid = {87D7C456-AAE6-4401-9FB0-73B7E80D7C4C}
	EndGlobalSection
EndGlobal
